Microsoft Visual Studio Solution File, Format Version 10.00
# Visual C++ Express 2008
Project("{8BC9CEB8-8B4A-11D0-8D11-00A0C91BC942}") = "QuantLib", "QuantLib_vc9.vcproj", "{AD0A27DA-91DA-46A2-ACBD-296C419ED3AA}"
EndProject
Project("{8BC9CEB8-8B4A-11D0-8D11-00A0C91BC942}") = "testsuite", "test-suite\testsuite_vc9.vcproj", "{A613045C-34AF-4706-AA3C-730C92524F74}"
	ProjectSection(ProjectDependencies) = postProject
		{AD0A27DA-91DA-46A2-ACBD-296C419ED3AA} = {AD0A27DA-91DA-46A2-ACBD-296C419ED3AA}
	EndProjectSection
EndProject
Project("{8BC9CEB8-8B4A-11D0-8D11-00A0C91BC942}") = "Swap", "Examples\Swap\Swap_vc9.vcproj", "{4EAC6A0E-20F2-4B5A-8250-7E930CCE3AD0}"
	ProjectSection(ProjectDependencies) = postProject
		{AD0A27DA-91DA-46A2-ACBD-296C419ED3AA} = {AD0A27DA-91DA-46A2-ACBD-296C419ED3AA}
	EndProjectSection
EndProject
Project("{8BC9CEB8-8B4A-11D0-8D11-00A0C91BC942}") = "EquityOption", "Examples\EquityOption\EquityOption_vc9.vcproj", "{EF6D982C-CF99-4442-B297-776DBECFAFC9}"
	ProjectSection(ProjectDependencies) = postProject
		{AD0A27DA-91DA-46A2-ACBD-296C419ED3AA} = {AD0A27DA-91DA-46A2-ACBD-296C419ED3AA}
	EndProjectSection
EndProject
Project("{8BC9CEB8-8B4A-11D0-8D11-00A0C91BC942}") = "ConvertibleBonds", "Examples\ConvertibleBonds\ConvertibleBonds_vc9.vcproj", "{7C32702E-ED12-49F1-B476-656DD1EBCE66}"
	ProjectSection(ProjectDependencies) = postProject
		{AD0A27DA-91DA-46A2-ACBD-296C419ED3AA} = {AD0A27DA-91DA-46A2-ACBD-296C419ED3AA}
	EndProjectSection
EndProject
Project("{8BC9CEB8-8B4A-11D0-8D11-00A0C91BC942}") = "FRA", "Examples\FRA\FRA_vc9.vcproj", "{B96E9E0A-99DA-4E9F-B8D0-941F46CDF634}"
	ProjectSection(ProjectDependencies) = postProject
		{AD0A27DA-91DA-46A2-ACBD-296C419ED3AA} = {AD0A27DA-91DA-46A2-ACBD-296C419ED3AA}
	EndProjectSection
EndProject
Project("{8BC9CEB8-8B4A-11D0-8D11-00A0C91BC942}") = "Repo", "Examples\Repo\Repo_vc9.vcproj", "{1B660588-A923-4D84-9092-16DA67869773}"
	ProjectSection(ProjectDependencies) = postProject
		{AD0A27DA-91DA-46A2-ACBD-296C419ED3AA} = {AD0A27DA-91DA-46A2-ACBD-296C419ED3AA}
	EndProjectSection
EndProject
Project("{8BC9CEB8-8B4A-11D0-8D11-00A0C91BC942}") = "Replication", "Examples\Replication\Replication_vc9.vcproj", "{7FF22935-8C7D-4903-908C-B77A9CDBA840}"
	ProjectSection(ProjectDependencies) = postProject
		{AD0A27DA-91DA-46A2-ACBD-296C419ED3AA} = {AD0A27DA-91DA-46A2-ACBD-296C419ED3AA}
	EndProjectSection
EndProject
Project("{8BC9CEB8-8B4A-11D0-8D11-00A0C91BC942}") = "BermudanSwaption", "Examples\BermudanSwaption\BermudanSwaption_vc9.vcproj", "{940A0AFC-9F9F-4797-A0FF-99543F67C1D9}"
	ProjectSection(ProjectDependencies) = postProject
		{AD0A27DA-91DA-46A2-ACBD-296C419ED3AA} = {AD0A27DA-91DA-46A2-ACBD-296C419ED3AA}
	EndProjectSection
EndProject
Project("{8BC9CEB8-8B4A-11D0-8D11-00A0C91BC942}") = "DiscreteHedging", "Examples\DiscreteHedging\DiscreteHedging_vc9.vcproj", "{C3E22CAD-0CAF-42DC-ADE0-B2FF4F644BCE}"
	ProjectSection(ProjectDependencies) = postProject
		{AD0A27DA-91DA-46A2-ACBD-296C419ED3AA} = {AD0A27DA-91DA-46A2-ACBD-296C419ED3AA}
	EndProjectSection
EndProject
Project("{8BC9CEB8-8B4A-11D0-8D11-00A0C91BC942}") = "FittedBondCurve", "Examples\FittedBondCurve\FittedBondCurve_vc9.vcproj", "{4E262A25-90B4-449A-BFC0-95311CADF91D}"
	ProjectSection(ProjectDependencies) = postProject
		{AD0A27DA-91DA-46A2-ACBD-296C419ED3AA} = {AD0A27DA-91DA-46A2-ACBD-296C419ED3AA}
	EndProjectSection
EndProject
Project("{8BC9CEB8-8B4A-11D0-8D11-00A0C91BC942}") = "CallableBonds", "Examples\CallableBonds\CallableBonds_vc9.vcproj", "{0214688B-CE8A-4446-9BDD-1AE7F486EB8B}"
	ProjectSection(ProjectDependencies) = postProject
		{AD0A27DA-91DA-46A2-ACBD-296C419ED3AA} = {AD0A27DA-91DA-46A2-ACBD-296C419ED3AA}
	EndProjectSection
EndProject
Project("{8BC9CEB8-8B4A-11D0-8D11-00A0C91BC942}") = "CDS", "Examples\CDS\CDS_vc9.vcproj", "{65F5530B-D97E-4BDB-949F-9C31C56104B0}"
	ProjectSection(ProjectDependencies) = postProject
		{AD0A27DA-91DA-46A2-ACBD-296C419ED3AA} = {AD0A27DA-91DA-46A2-ACBD-296C419ED3AA}
	EndProjectSection
EndProject
Global
	GlobalSection(SolutionConfigurationPlatforms) = preSolution
		Debug CRTDLL|Win32 = Debug CRTDLL|Win32
		Debug|Win32 = Debug|Win32
		Release CRTDLL|Win32 = Release CRTDLL|Win32
		Release|Win32 = Release|Win32
	EndGlobalSection
	GlobalSection(ProjectConfigurationPlatforms) = postSolution
		{AD0A27DA-91DA-46A2-ACBD-296C419ED3AA}.Debug CRTDLL|Win32.ActiveCfg = Debug CRTDLL|Win32
		{AD0A27DA-91DA-46A2-ACBD-296C419ED3AA}.Debug CRTDLL|Win32.Build.0 = Debug CRTDLL|Win32
		{AD0A27DA-91DA-46A2-ACBD-296C419ED3AA}.Debug|Win32.ActiveCfg = Debug|Win32
		{AD0A27DA-91DA-46A2-ACBD-296C419ED3AA}.Debug|Win32.Build.0 = Debug|Win32
		{AD0A27DA-91DA-46A2-ACBD-296C419ED3AA}.Release CRTDLL|Win32.ActiveCfg = Release CRTDLL|Win32
		{AD0A27DA-91DA-46A2-ACBD-296C419ED3AA}.Release CRTDLL|Win32.Build.0 = Release CRTDLL|Win32
		{AD0A27DA-91DA-46A2-ACBD-296C419ED3AA}.Release|Win32.ActiveCfg = Release|Win32
		{AD0A27DA-91DA-46A2-ACBD-296C419ED3AA}.Release|Win32.Build.0 = Release|Win32
		{A613045C-34AF-4706-AA3C-730C92524F74}.Debug CRTDLL|Win32.ActiveCfg = Debug CRTDLL|Win32
		{A613045C-34AF-4706-AA3C-730C92524F74}.Debug CRTDLL|Win32.Build.0 = Debug CRTDLL|Win32
		{A613045C-34AF-4706-AA3C-730C92524F74}.Debug|Win32.ActiveCfg = Debug|Win32
		{A613045C-34AF-4706-AA3C-730C92524F74}.Debug|Win32.Build.0 = Debug|Win32
		{A613045C-34AF-4706-AA3C-730C92524F74}.Release CRTDLL|Win32.ActiveCfg = Release CRTDLL|Win32
		{A613045C-34AF-4706-AA3C-730C92524F74}.Release CRTDLL|Win32.Build.0 = Release CRTDLL|Win32
		{A613045C-34AF-4706-AA3C-730C92524F74}.Release|Win32.ActiveCfg = Release|Win32
		{A613045C-34AF-4706-AA3C-730C92524F74}.Release|Win32.Build.0 = Release|Win32
		{4EAC6A0E-20F2-4B5A-8250-7E930CCE3AD0}.Debug CRTDLL|Win32.ActiveCfg = Debug CRTDLL|Win32
		{4EAC6A0E-20F2-4B5A-8250-7E930CCE3AD0}.Debug CRTDLL|Win32.Build.0 = Debug CRTDLL|Win32
		{4EAC6A0E-20F2-4B5A-8250-7E930CCE3AD0}.Debug|Win32.ActiveCfg = Debug|Win32
		{4EAC6A0E-20F2-4B5A-8250-7E930CCE3AD0}.Debug|Win32.Build.0 = Debug|Win32
		{4EAC6A0E-20F2-4B5A-8250-7E930CCE3AD0}.Release CRTDLL|Win32.ActiveCfg = Release CRTDLL|Win32
		{4EAC6A0E-20F2-4B5A-8250-7E930CCE3AD0}.Release CRTDLL|Win32.Build.0 = Release CRTDLL|Win32
		{4EAC6A0E-20F2-4B5A-8250-7E930CCE3AD0}.Release|Win32.ActiveCfg = Release|Win32
		{4EAC6A0E-20F2-4B5A-8250-7E930CCE3AD0}.Release|Win32.Build.0 = Release|Win32
		{EF6D982C-CF99-4442-B297-776DBECFAFC9}.Debug CRTDLL|Win32.ActiveCfg = Debug CRTDLL|Win32
		{EF6D982C-CF99-4442-B297-776DBECFAFC9}.Debug CRTDLL|Win32.Build.0 = Debug CRTDLL|Win32
		{EF6D982C-CF99-4442-B297-776DBECFAFC9}.Debug|Win32.ActiveCfg = Debug|Win32
		{EF6D982C-CF99-4442-B297-776DBECFAFC9}.Debug|Win32.Build.0 = Debug|Win32
		{EF6D982C-CF99-4442-B297-776DBECFAFC9}.Release CRTDLL|Win32.ActiveCfg = Release CRTDLL|Win32
		{EF6D982C-CF99-4442-B297-776DBECFAFC9}.Release CRTDLL|Win32.Build.0 = Release CRTDLL|Win32
		{EF6D982C-CF99-4442-B297-776DBECFAFC9}.Release|Win32.ActiveCfg = Release|Win32
		{EF6D982C-CF99-4442-B297-776DBECFAFC9}.Release|Win32.Build.0 = Release|Win32
		{7C32702E-ED12-49F1-B476-656DD1EBCE66}.Debug CRTDLL|Win32.ActiveCfg = Debug CRTDLL|Win32
		{7C32702E-ED12-49F1-B476-656DD1EBCE66}.Debug CRTDLL|Win32.Build.0 = Debug CRTDLL|Win32
		{7C32702E-ED12-49F1-B476-656DD1EBCE66}.Debug|Win32.ActiveCfg = Debug|Win32
		{7C32702E-ED12-49F1-B476-656DD1EBCE66}.Debug|Win32.Build.0 = Debug|Win32
		{7C32702E-ED12-49F1-B476-656DD1EBCE66}.Release CRTDLL|Win32.ActiveCfg = Release CRTDLL|Win32
		{7C32702E-ED12-49F1-B476-656DD1EBCE66}.Release CRTDLL|Win32.Build.0 = Release CRTDLL|Win32
		{7C32702E-ED12-49F1-B476-656DD1EBCE66}.Release|Win32.ActiveCfg = Release|Win32
		{7C32702E-ED12-49F1-B476-656DD1EBCE66}.Release|Win32.Build.0 = Release|Win32
		{B96E9E0A-99DA-4E9F-B8D0-941F46CDF634}.Debug CRTDLL|Win32.ActiveCfg = Debug CRTDLL|Win32
		{B96E9E0A-99DA-4E9F-B8D0-941F46CDF634}.Debug CRTDLL|Win32.Build.0 = Debug CRTDLL|Win32
		{B96E9E0A-99DA-4E9F-B8D0-941F46CDF634}.Debug|Win32.ActiveCfg = Debug|Win32
		{B96E9E0A-99DA-4E9F-B8D0-941F46CDF634}.Debug|Win32.Build.0 = Debug|Win32
		{B96E9E0A-99DA-4E9F-B8D0-941F46CDF634}.Release CRTDLL|Win32.ActiveCfg = Release CRTDLL|Win32
		{B96E9E0A-99DA-4E9F-B8D0-941F46CDF634}.Release CRTDLL|Win32.Build.0 = Release CRTDLL|Win32
		{B96E9E0A-99DA-4E9F-B8D0-941F46CDF634}.Release|Win32.ActiveCfg = Release|Win32
		{B96E9E0A-99DA-4E9F-B8D0-941F46CDF634}.Release|Win32.Build.0 = Release|Win32
		{1B660588-A923-4D84-9092-16DA67869773}.Debug CRTDLL|Win32.ActiveCfg = Debug CRTDLL|Win32
		{1B660588-A923-4D84-9092-16DA67869773}.Debug CRTDLL|Win32.Build.0 = Debug CRTDLL|Win32
		{1B660588-A923-4D84-9092-16DA67869773}.Debug|Win32.ActiveCfg = Debug|Win32
		{1B660588-A923-4D84-9092-16DA67869773}.Debug|Win32.Build.0 = Debug|Win32
		{1B660588-A923-4D84-9092-16DA67869773}.Release CRTDLL|Win32.ActiveCfg = Release CRTDLL|Win32
		{1B660588-A923-4D84-9092-16DA67869773}.Release CRTDLL|Win32.Build.0 = Release CRTDLL|Win32
		{1B660588-A923-4D84-9092-16DA67869773}.Release|Win32.ActiveCfg = Release|Win32
		{1B660588-A923-4D84-9092-16DA67869773}.Release|Win32.Build.0 = Release|Win32
		{7FF22935-8C7D-4903-908C-B77A9CDBA840}.Debug CRTDLL|Win32.ActiveCfg = Debug CRTDLL|Win32
		{7FF22935-8C7D-4903-908C-B77A9CDBA840}.Debug CRTDLL|Win32.Build.0 = Debug CRTDLL|Win32
		{7FF22935-8C7D-4903-908C-B77A9CDBA840}.Debug|Win32.ActiveCfg = Debug|Win32
		{7FF22935-8C7D-4903-908C-B77A9CDBA840}.Debug|Win32.Build.0 = Debug|Win32
		{7FF22935-8C7D-4903-908C-B77A9CDBA840}.Release CRTDLL|Win32.ActiveCfg = Release CRTDLL|Win32
		{7FF22935-8C7D-4903-908C-B77A9CDBA840}.Release CRTDLL|Win32.Build.0 = Release CRTDLL|Win32
		{7FF22935-8C7D-4903-908C-B77A9CDBA840}.Release|Win32.ActiveCfg = Release|Win32
		{7FF22935-8C7D-4903-908C-B77A9CDBA840}.Release|Win32.Build.0 = Release|Win32
		{940A0AFC-9F9F-4797-A0FF-99543F67C1D9}.Debug CRTDLL|Win32.ActiveCfg = Debug CRTDLL|Win32
		{940A0AFC-9F9F-4797-A0FF-99543F67C1D9}.Debug CRTDLL|Win32.Build.0 = Debug CRTDLL|Win32
		{940A0AFC-9F9F-4797-A0FF-99543F67C1D9}.Debug|Win32.ActiveCfg = Debug|Win32
		{940A0AFC-9F9F-4797-A0FF-99543F67C1D9}.Debug|Win32.Build.0 = Debug|Win32
		{940A0AFC-9F9F-4797-A0FF-99543F67C1D9}.Release CRTDLL|Win32.ActiveCfg = Release CRTDLL|Win32
		{940A0AFC-9F9F-4797-A0FF-99543F67C1D9}.Release CRTDLL|Win32.Build.0 = Release CRTDLL|Win32
		{940A0AFC-9F9F-4797-A0FF-99543F67C1D9}.Release|Win32.ActiveCfg = Release|Win32
		{940A0AFC-9F9F-4797-A0FF-99543F67C1D9}.Release|Win32.Build.0 = Release|Win32
		{C3E22CAD-0CAF-42DC-ADE0-B2FF4F644BCE}.Debug CRTDLL|Win32.ActiveCfg = Debug CRTDLL|Win32
		{C3E22CAD-0CAF-42DC-ADE0-B2FF4F644BCE}.Debug CRTDLL|Win32.Build.0 = Debug CRTDLL|Win32
		{C3E22CAD-0CAF-42DC-ADE0-B2FF4F644BCE}.Debug|Win32.ActiveCfg = Debug|Win32
		{C3E22CAD-0CAF-42DC-ADE0-B2FF4F644BCE}.Debug|Win32.Build.0 = Debug|Win32
		{C3E22CAD-0CAF-42DC-ADE0-B2FF4F644BCE}.Release CRTDLL|Win32.ActiveCfg = Release CRTDLL|Win32
		{C3E22CAD-0CAF-42DC-ADE0-B2FF4F644BCE}.Release CRTDLL|Win32.Build.0 = Release CRTDLL|Win32
		{C3E22CAD-0CAF-42DC-ADE0-B2FF4F644BCE}.Release|Win32.ActiveCfg = Release|Win32
		{C3E22CAD-0CAF-42DC-ADE0-B2FF4F644BCE}.Release|Win32.Build.0 = Release|Win32
		{4E262A25-90B4-449A-BFC0-95311CADF91D}.Debug CRTDLL|Win32.ActiveCfg = Debug CRTDLL|Win32
		{4E262A25-90B4-449A-BFC0-95311CADF91D}.Debug CRTDLL|Win32.Build.0 = Debug CRTDLL|Win32
		{4E262A25-90B4-449A-BFC0-95311CADF91D}.Debug|Win32.ActiveCfg = Debug|Win32
		{4E262A25-90B4-449A-BFC0-95311CADF91D}.Debug|Win32.Build.0 = Debug|Win32
		{4E262A25-90B4-449A-BFC0-95311CADF91D}.Release CRTDLL|Win32.ActiveCfg = Release CRTDLL|Win32
		{4E262A25-90B4-449A-BFC0-95311CADF91D}.Release CRTDLL|Win32.Build.0 = Release CRTDLL|Win32
		{4E262A25-90B4-449A-BFC0-95311CADF91D}.Release|Win32.ActiveCfg = Release|Win32
		{4E262A25-90B4-449A-BFC0-95311CADF91D}.Release|Win32.Build.0 = Release|Win32
		{0214688B-CE8A-4446-9BDD-1AE7F486EB8B}.Debug CRTDLL|Win32.ActiveCfg = Debug CRTDLL|Win32
		{0214688B-CE8A-4446-9BDD-1AE7F486EB8B}.Debug CRTDLL|Win32.Build.0 = Debug CRTDLL|Win32
		{0214688B-CE8A-4446-9BDD-1AE7F486EB8B}.Debug|Win32.ActiveCfg = Debug|Win32
		{0214688B-CE8A-4446-9BDD-1AE7F486EB8B}.Debug|Win32.Build.0 = Debug|Win32
		{0214688B-CE8A-4446-9BDD-1AE7F486EB8B}.Release CRTDLL|Win32.ActiveCfg = Release CRTDLL|Win32
		{0214688B-CE8A-4446-9BDD-1AE7F486EB8B}.Release CRTDLL|Win32.Build.0 = Release CRTDLL|Win32
		{0214688B-CE8A-4446-9BDD-1AE7F486EB8B}.Release|Win32.ActiveCfg = Release|Win32
		{0214688B-CE8A-4446-9BDD-1AE7F486EB8B}.Release|Win32.Build.0 = Release|Win32
		{65F5530B-D97E-4BDB-949F-9C31C56104B0}.Debug CRTDLL|Win32.ActiveCfg = Debug CRTDLL|Win32
		{65F5530B-D97E-4BDB-949F-9C31C56104B0}.Debug CRTDLL|Win32.Build.0 = Debug CRTDLL|Win32
		{65F5530B-D97E-4BDB-949F-9C31C56104B0}.Debug|Win32.ActiveCfg = Debug|Win32
		{65F5530B-D97E-4BDB-949F-9C31C56104B0}.Debug|Win32.Build.0 = Debug|Win32
		{65F5530B-D97E-4BDB-949F-9C31C56104B0}.Release CRTDLL|Win32.ActiveCfg = Release CRTDLL|Win32
		{65F5530B-D97E-4BDB-949F-9C31C56104B0}.Release CRTDLL|Win32.Build.0 = Release CRTDLL|Win32
		{65F5530B-D97E-4BDB-949F-9C31C56104B0}.Release|Win32.ActiveCfg = Release|Win32
		{65F5530B-D97E-4BDB-949F-9C31C56104B0}.Release|Win32.Build.0 = Release|Win32
	EndGlobalSection
	GlobalSection(SolutionProperties) = preSolution
		HideSolutionNode = FALSE
	EndGlobalSection
EndGlobal
