Microsoft Visual Studio Solution File, Format Version 12.00
# Visual Studio Version 16
VisualStudioVersion = 16.0.30907.101
MinimumVisualStudioVersion = 10.0.40219.1
Project("{8BC9CEB8-8B4A-11D0-8D11-00A0C91BC942}") = "QuantLib", "QuantLib.vcxproj", "{AD0A27DA-91DA-46A2-ACBD-296C419ED3AA}"
EndProject
Project("{8BC9CEB8-8B4A-11D0-8D11-00A0C91BC942}") = "testsuite", "test-suite\testsuite.vcxproj", "{A613045C-34AF-4706-AA3C-730C92524F74}"
EndProject
Project("{8BC9CEB8-8B4A-11D0-8D11-00A0C91BC942}") = "MulticurveBootstrapping", "Examples\MulticurveBootstrapping\MulticurveBootstrapping.vcxproj", "{4EAC6A0E-20F2-4B5A-8250-7E930CCE3AD0}"
EndProject
Project("{8BC9CEB8-8B4A-11D0-8D11-00A0C91BC942}") = "EquityOption", "Examples\EquityOption\EquityOption.vcxproj", "{EF6D982C-CF99-4442-B297-776DBECFAFC9}"
EndProject
Project("{8BC9CEB8-8B4A-11D0-8D11-00A0C91BC942}") = "ConvertibleBonds", "Examples\ConvertibleBonds\ConvertibleBonds.vcxproj", "{7C32702E-ED12-49F1-B476-656DD1EBCE66}"
EndProject
Project("{8BC9CEB8-8B4A-11D0-8D11-00A0C91BC942}") = "FRA", "Examples\FRA\FRA.vcxproj", "{B96E9E0A-99DA-4E9F-B8D0-941F46CDF634}"
EndProject
Project("{8BC9CEB8-8B4A-11D0-8D11-00A0C91BC942}") = "Repo", "Examples\Repo\Repo.vcxproj", "{1B660588-A923-4D84-9092-16DA67869773}"
EndProject
Project("{8BC9CEB8-8B4A-11D0-8D11-00A0C91BC942}") = "Replication", "Examples\Replication\Replication.vcxproj", "{7FF22935-8C7D-4903-908C-B77A9CDBA840}"
EndProject
Project("{8BC9CEB8-8B4A-11D0-8D11-00A0C91BC942}") = "BermudanSwaption", "Examples\BermudanSwaption\BermudanSwaption.vcxproj", "{940A0AFC-9F9F-4797-A0FF-99543F67C1D9}"
EndProject
Project("{8BC9CEB8-8B4A-11D0-8D11-00A0C91BC942}") = "DiscreteHedging", "Examples\DiscreteHedging\DiscreteHedging.vcxproj", "{C3E22CAD-0CAF-42DC-ADE0-B2FF4F644BCE}"
EndProject
Project("{8BC9CEB8-8B4A-11D0-8D11-00A0C91BC942}") = "FittedBondCurve", "Examples\FittedBondCurve\FittedBondCurve.vcxproj", "{4E262A25-90B4-449A-BFC0-95311CADF91D}"
EndProject
Project("{8BC9CEB8-8B4A-11D0-8D11-00A0C91BC942}") = "CallableBonds", "Examples\CallableBonds\CallableBonds.vcxproj", "{0214688B-CE8A-4446-9BDD-1AE7F486EB8B}"
EndProject
Project("{8BC9CEB8-8B4A-11D0-8D11-00A0C91BC942}") = "CDS", "Examples\CDS\CDS.vcxproj", "{65F5530B-D97E-4BDB-949F-9C31C56104B0}"
EndProject
Project("{8BC9CEB8-8B4A-11D0-8D11-00A0C91BC942}") = "Bonds", "Examples\Bonds\Bonds.vcxproj", "{C8AFC9D1-704C-4AB5-911B-3C93C27C63D0}"
EndProject
Project("{8BC9CEB8-8B4A-11D0-8D11-00A0C91BC942}") = "MarketModels", "Examples\MarketModels\MarketModels.vcxproj", "{47CE2A41-091A-42A3-B40D-F6F0DD689349}"
EndProject
Project("{8BC9CEB8-8B4A-11D0-8D11-00A0C91BC942}") = "Gaussian1dModels", "Examples\Gaussian1dModels\Gaussian1dModels.vcxproj", "{B62FC7BE-C1BC-4AB0-BB11-BBF627CC3BA6}"
EndProject
Project("{8BC9CEB8-8B4A-11D0-8D11-00A0C91BC942}") = "MultidimIntegral", "Examples\MultidimIntegral\MultidimIntegral.vcxproj", "{D3E10D43-57DF-42D7-AEA6-44AD48CAE119}"
EndProject
Project("{8BC9CEB8-8B4A-11D0-8D11-00A0C91BC942}") = "LatentModel", "Examples\LatentModel\LatentModel.vcxproj", "{E4098DFF-FD34-48A6-955F-C1E3F97FBA26}"
EndProject
Project("{8BC9CEB8-8B4A-11D0-8D11-00A0C91BC942}") = "BasketLosses", "Examples\BasketLosses\BasketLosses.vcxproj", "{43A17E5B-EC94-4EB5-9D68-788BF234AE1F}"
EndProject
Project("{8BC9CEB8-8B4A-11D0-8D11-00A0C91BC942}") = "CVAIRS", "Examples\CVAIRS\CVAIRS.vcxproj", "{D85EA161-361A-4CAC-8B77-39E174FCFFE2}"
EndProject
Project("{8BC9CEB8-8B4A-11D0-8D11-00A0C91BC942}") = "GlobalOptimizer", "Examples\GlobalOptimizer\GlobalOptimizer.vcxproj", "{ED7AED39-312A-4330-8ADF-DD24F848A754}"
EndProject
Project("{2150E333-8FDC-42A3-9474-1A3956D46DE8}") = "Examples", "Examples", "{F1820A45-F18D-4C54-90E2-8C4368EAE185}"
EndProject
Project("{8BC9CEB8-8B4A-11D0-8D11-00A0C91BC942}") = "Loans", "Examples\Loans\Loans.vcxproj", "{72EA8C58-0BA5-49B6-A7F1-269EC6764CED}"
EndProject
Global
	GlobalSection(SolutionConfigurationPlatforms) = preSolution
		Debug (static runtime)|Win32 = Debug (static runtime)|Win32
		Debug (static runtime)|x64 = Debug (static runtime)|x64
		Debug|Win32 = Debug|Win32
		Debug|x64 = Debug|x64
		Release (static runtime)|Win32 = Release (static runtime)|Win32
		Release (static runtime)|x64 = Release (static runtime)|x64
		Release|Win32 = Release|Win32
		Release|x64 = Release|x64
	EndGlobalSection
	GlobalSection(ProjectConfigurationPlatforms) = postSolution
		{AD0A27DA-91DA-46A2-ACBD-296C419ED3AA}.Debug (static runtime)|Win32.ActiveCfg = Debug (static runtime)|Win32
		{AD0A27DA-91DA-46A2-ACBD-296C419ED3AA}.Debug (static runtime)|Win32.Build.0 = Debug (static runtime)|Win32
		{AD0A27DA-91DA-46A2-ACBD-296C419ED3AA}.Debug (static runtime)|x64.ActiveCfg = Debug (static runtime)|x64
		{AD0A27DA-91DA-46A2-ACBD-296C419ED3AA}.Debug (static runtime)|x64.Build.0 = Debug (static runtime)|x64
		{AD0A27DA-91DA-46A2-ACBD-296C419ED3AA}.Debug|Win32.ActiveCfg = Debug|Win32
		{AD0A27DA-91DA-46A2-ACBD-296C419ED3AA}.Debug|Win32.Build.0 = Debug|Win32
		{AD0A27DA-91DA-46A2-ACBD-296C419ED3AA}.Debug|x64.ActiveCfg = Debug|x64
		{AD0A27DA-91DA-46A2-ACBD-296C419ED3AA}.Debug|x64.Build.0 = Debug|x64
		{AD0A27DA-91DA-46A2-ACBD-296C419ED3AA}.Release (static runtime)|Win32.ActiveCfg = Release (static runtime)|Win32
		{AD0A27DA-91DA-46A2-ACBD-296C419ED3AA}.Release (static runtime)|Win32.Build.0 = Release (static runtime)|Win32
		{AD0A27DA-91DA-46A2-ACBD-296C419ED3AA}.Release (static runtime)|x64.ActiveCfg = Release (static runtime)|x64
		{AD0A27DA-91DA-46A2-ACBD-296C419ED3AA}.Release (static runtime)|x64.Build.0 = Release (static runtime)|x64
		{AD0A27DA-91DA-46A2-ACBD-296C419ED3AA}.Release|Win32.ActiveCfg = Release|Win32
		{AD0A27DA-91DA-46A2-ACBD-296C419ED3AA}.Release|Win32.Build.0 = Release|Win32
		{AD0A27DA-91DA-46A2-ACBD-296C419ED3AA}.Release|x64.ActiveCfg = Release|x64
		{AD0A27DA-91DA-46A2-ACBD-296C419ED3AA}.Release|x64.Build.0 = Release|x64
		{A613045C-34AF-4706-AA3C-730C92524F74}.Debug (static runtime)|Win32.ActiveCfg = Debug (static runtime)|Win32
		{A613045C-34AF-4706-AA3C-730C92524F74}.Debug (static runtime)|Win32.Build.0 = Debug (static runtime)|Win32
		{A613045C-34AF-4706-AA3C-730C92524F74}.Debug (static runtime)|x64.ActiveCfg = Debug (static runtime)|x64
		{A613045C-34AF-4706-AA3C-730C92524F74}.Debug (static runtime)|x64.Build.0 = Debug (static runtime)|x64
		{A613045C-34AF-4706-AA3C-730C92524F74}.Debug|Win32.ActiveCfg = Debug|Win32
		{A613045C-34AF-4706-AA3C-730C92524F74}.Debug|Win32.Build.0 = Debug|Win32
		{A613045C-34AF-4706-AA3C-730C92524F74}.Debug|x64.ActiveCfg = Debug|x64
		{A613045C-34AF-4706-AA3C-730C92524F74}.Debug|x64.Build.0 = Debug|x64
		{A613045C-34AF-4706-AA3C-730C92524F74}.Release (static runtime)|Win32.ActiveCfg = Release (static runtime)|Win32
		{A613045C-34AF-4706-AA3C-730C92524F74}.Release (static runtime)|Win32.Build.0 = Release (static runtime)|Win32
		{A613045C-34AF-4706-AA3C-730C92524F74}.Release (static runtime)|x64.ActiveCfg = Release (static runtime)|x64
		{A613045C-34AF-4706-AA3C-730C92524F74}.Release (static runtime)|x64.Build.0 = Release (static runtime)|x64
		{A613045C-34AF-4706-AA3C-730C92524F74}.Release|Win32.ActiveCfg = Release|Win32
		{A613045C-34AF-4706-AA3C-730C92524F74}.Release|Win32.Build.0 = Release|Win32
		{A613045C-34AF-4706-AA3C-730C92524F74}.Release|x64.ActiveCfg = Release|x64
		{A613045C-34AF-4706-AA3C-730C92524F74}.Release|x64.Build.0 = Release|x64
		{4EAC6A0E-20F2-4B5A-8250-7E930CCE3AD0}.Debug (static runtime)|Win32.ActiveCfg = Debug (static runtime)|Win32
		{4EAC6A0E-20F2-4B5A-8250-7E930CCE3AD0}.Debug (static runtime)|Win32.Build.0 = Debug (static runtime)|Win32
		{4EAC6A0E-20F2-4B5A-8250-7E930CCE3AD0}.Debug (static runtime)|x64.ActiveCfg = Debug (static runtime)|x64
		{4EAC6A0E-20F2-4B5A-8250-7E930CCE3AD0}.Debug (static runtime)|x64.Build.0 = Debug (static runtime)|x64
		{4EAC6A0E-20F2-4B5A-8250-7E930CCE3AD0}.Debug|Win32.ActiveCfg = Debug|Win32
		{4EAC6A0E-20F2-4B5A-8250-7E930CCE3AD0}.Debug|Win32.Build.0 = Debug|Win32
		{4EAC6A0E-20F2-4B5A-8250-7E930CCE3AD0}.Debug|x64.ActiveCfg = Debug|x64
		{4EAC6A0E-20F2-4B5A-8250-7E930CCE3AD0}.Debug|x64.Build.0 = Debug|x64
		{4EAC6A0E-20F2-4B5A-8250-7E930CCE3AD0}.Release (static runtime)|Win32.ActiveCfg = Release (static runtime)|Win32
		{4EAC6A0E-20F2-4B5A-8250-7E930CCE3AD0}.Release (static runtime)|Win32.Build.0 = Release (static runtime)|Win32
		{4EAC6A0E-20F2-4B5A-8250-7E930CCE3AD0}.Release (static runtime)|x64.ActiveCfg = Release (static runtime)|x64
		{4EAC6A0E-20F2-4B5A-8250-7E930CCE3AD0}.Release (static runtime)|x64.Build.0 = Release (static runtime)|x64
		{4EAC6A0E-20F2-4B5A-8250-7E930CCE3AD0}.Release|Win32.ActiveCfg = Release|Win32
		{4EAC6A0E-20F2-4B5A-8250-7E930CCE3AD0}.Release|Win32.Build.0 = Release|Win32
		{4EAC6A0E-20F2-4B5A-8250-7E930CCE3AD0}.Release|x64.ActiveCfg = Release|x64
		{4EAC6A0E-20F2-4B5A-8250-7E930CCE3AD0}.Release|x64.Build.0 = Release|x64
		{EF6D982C-CF99-4442-B297-776DBECFAFC9}.Debug (static runtime)|Win32.ActiveCfg = Debug (static runtime)|Win32
		{EF6D982C-CF99-4442-B297-776DBECFAFC9}.Debug (static runtime)|Win32.Build.0 = Debug (static runtime)|Win32
		{EF6D982C-CF99-4442-B297-776DBECFAFC9}.Debug (static runtime)|x64.ActiveCfg = Debug (static runtime)|x64
		{EF6D982C-CF99-4442-B297-776DBECFAFC9}.Debug (static runtime)|x64.Build.0 = Debug (static runtime)|x64
		{EF6D982C-CF99-4442-B297-776DBECFAFC9}.Debug|Win32.ActiveCfg = Debug|Win32
		{EF6D982C-CF99-4442-B297-776DBECFAFC9}.Debug|Win32.Build.0 = Debug|Win32
		{EF6D982C-CF99-4442-B297-776DBECFAFC9}.Debug|x64.ActiveCfg = Debug|x64
		{EF6D982C-CF99-4442-B297-776DBECFAFC9}.Debug|x64.Build.0 = Debug|x64
		{EF6D982C-CF99-4442-B297-776DBECFAFC9}.Release (static runtime)|Win32.ActiveCfg = Release (static runtime)|Win32
		{EF6D982C-CF99-4442-B297-776DBECFAFC9}.Release (static runtime)|Win32.Build.0 = Release (static runtime)|Win32
		{EF6D982C-CF99-4442-B297-776DBECFAFC9}.Release (static runtime)|x64.ActiveCfg = Release (static runtime)|x64
		{EF6D982C-CF99-4442-B297-776DBECFAFC9}.Release (static runtime)|x64.Build.0 = Release (static runtime)|x64
		{EF6D982C-CF99-4442-B297-776DBECFAFC9}.Release|Win32.ActiveCfg = Release|Win32
		{EF6D982C-CF99-4442-B297-776DBECFAFC9}.Release|Win32.Build.0 = Release|Win32
		{EF6D982C-CF99-4442-B297-776DBECFAFC9}.Release|x64.ActiveCfg = Release|x64
		{EF6D982C-CF99-4442-B297-776DBECFAFC9}.Release|x64.Build.0 = Release|x64
		{7C32702E-ED12-49F1-B476-656DD1EBCE66}.Debug (static runtime)|Win32.ActiveCfg = Debug (static runtime)|Win32
		{7C32702E-ED12-49F1-B476-656DD1EBCE66}.Debug (static runtime)|Win32.Build.0 = Debug (static runtime)|Win32
		{7C32702E-ED12-49F1-B476-656DD1EBCE66}.Debug (static runtime)|x64.ActiveCfg = Debug (static runtime)|x64
		{7C32702E-ED12-49F1-B476-656DD1EBCE66}.Debug (static runtime)|x64.Build.0 = Debug (static runtime)|x64
		{7C32702E-ED12-49F1-B476-656DD1EBCE66}.Debug|Win32.ActiveCfg = Debug|Win32
		{7C32702E-ED12-49F1-B476-656DD1EBCE66}.Debug|Win32.Build.0 = Debug|Win32
		{7C32702E-ED12-49F1-B476-656DD1EBCE66}.Debug|x64.ActiveCfg = Debug|x64
		{7C32702E-ED12-49F1-B476-656DD1EBCE66}.Debug|x64.Build.0 = Debug|x64
		{7C32702E-ED12-49F1-B476-656DD1EBCE66}.Release (static runtime)|Win32.ActiveCfg = Release (static runtime)|Win32
		{7C32702E-ED12-49F1-B476-656DD1EBCE66}.Release (static runtime)|Win32.Build.0 = Release (static runtime)|Win32
		{7C32702E-ED12-49F1-B476-656DD1EBCE66}.Release (static runtime)|x64.ActiveCfg = Release (static runtime)|x64
		{7C32702E-ED12-49F1-B476-656DD1EBCE66}.Release (static runtime)|x64.Build.0 = Release (static runtime)|x64
		{7C32702E-ED12-49F1-B476-656DD1EBCE66}.Release|Win32.ActiveCfg = Release|Win32
		{7C32702E-ED12-49F1-B476-656DD1EBCE66}.Release|Win32.Build.0 = Release|Win32
		{7C32702E-ED12-49F1-B476-656DD1EBCE66}.Release|x64.ActiveCfg = Release|x64
		{7C32702E-ED12-49F1-B476-656DD1EBCE66}.Release|x64.Build.0 = Release|x64
		{B96E9E0A-99DA-4E9F-B8D0-941F46CDF634}.Debug (static runtime)|Win32.ActiveCfg = Debug (static runtime)|Win32
		{B96E9E0A-99DA-4E9F-B8D0-941F46CDF634}.Debug (static runtime)|Win32.Build.0 = Debug (static runtime)|Win32
		{B96E9E0A-99DA-4E9F-B8D0-941F46CDF634}.Debug (static runtime)|x64.ActiveCfg = Debug (static runtime)|x64
		{B96E9E0A-99DA-4E9F-B8D0-941F46CDF634}.Debug (static runtime)|x64.Build.0 = Debug (static runtime)|x64
		{B96E9E0A-99DA-4E9F-B8D0-941F46CDF634}.Debug|Win32.ActiveCfg = Debug|Win32
		{B96E9E0A-99DA-4E9F-B8D0-941F46CDF634}.Debug|Win32.Build.0 = Debug|Win32
		{B96E9E0A-99DA-4E9F-B8D0-941F46CDF634}.Debug|x64.ActiveCfg = Debug|x64
		{B96E9E0A-99DA-4E9F-B8D0-941F46CDF634}.Debug|x64.Build.0 = Debug|x64
		{B96E9E0A-99DA-4E9F-B8D0-941F46CDF634}.Release (static runtime)|Win32.ActiveCfg = Release (static runtime)|Win32
		{B96E9E0A-99DA-4E9F-B8D0-941F46CDF634}.Release (static runtime)|Win32.Build.0 = Release (static runtime)|Win32
		{B96E9E0A-99DA-4E9F-B8D0-941F46CDF634}.Release (static runtime)|x64.ActiveCfg = Release (static runtime)|x64
		{B96E9E0A-99DA-4E9F-B8D0-941F46CDF634}.Release (static runtime)|x64.Build.0 = Release (static runtime)|x64
		{B96E9E0A-99DA-4E9F-B8D0-941F46CDF634}.Release|Win32.ActiveCfg = Release|Win32
		{B96E9E0A-99DA-4E9F-B8D0-941F46CDF634}.Release|Win32.Build.0 = Release|Win32
		{B96E9E0A-99DA-4E9F-B8D0-941F46CDF634}.Release|x64.ActiveCfg = Release|x64
		{B96E9E0A-99DA-4E9F-B8D0-941F46CDF634}.Release|x64.Build.0 = Release|x64
		{1B660588-A923-4D84-9092-16DA67869773}.Debug (static runtime)|Win32.ActiveCfg = Debug (static runtime)|Win32
		{1B660588-A923-4D84-9092-16DA67869773}.Debug (static runtime)|Win32.Build.0 = Debug (static runtime)|Win32
		{1B660588-A923-4D84-9092-16DA67869773}.Debug (static runtime)|x64.ActiveCfg = Debug (static runtime)|x64
		{1B660588-A923-4D84-9092-16DA67869773}.Debug (static runtime)|x64.Build.0 = Debug (static runtime)|x64
		{1B660588-A923-4D84-9092-16DA67869773}.Debug|Win32.ActiveCfg = Debug|Win32
		{1B660588-A923-4D84-9092-16DA67869773}.Debug|Win32.Build.0 = Debug|Win32
		{1B660588-A923-4D84-9092-16DA67869773}.Debug|x64.ActiveCfg = Debug|x64
		{1B660588-A923-4D84-9092-16DA67869773}.Debug|x64.Build.0 = Debug|x64
		{1B660588-A923-4D84-9092-16DA67869773}.Release (static runtime)|Win32.ActiveCfg = Release (static runtime)|Win32
		{1B660588-A923-4D84-9092-16DA67869773}.Release (static runtime)|Win32.Build.0 = Release (static runtime)|Win32
		{1B660588-A923-4D84-9092-16DA67869773}.Release (static runtime)|x64.ActiveCfg = Release (static runtime)|x64
		{1B660588-A923-4D84-9092-16DA67869773}.Release (static runtime)|x64.Build.0 = Release (static runtime)|x64
		{1B660588-A923-4D84-9092-16DA67869773}.Release|Win32.ActiveCfg = Release|Win32
		{1B660588-A923-4D84-9092-16DA67869773}.Release|Win32.Build.0 = Release|Win32
		{1B660588-A923-4D84-9092-16DA67869773}.Release|x64.ActiveCfg = Release|x64
		{1B660588-A923-4D84-9092-16DA67869773}.Release|x64.Build.0 = Release|x64
		{7FF22935-8C7D-4903-908C-B77A9CDBA840}.Debug (static runtime)|Win32.ActiveCfg = Debug (static runtime)|Win32
		{7FF22935-8C7D-4903-908C-B77A9CDBA840}.Debug (static runtime)|Win32.Build.0 = Debug (static runtime)|Win32
		{7FF22935-8C7D-4903-908C-B77A9CDBA840}.Debug (static runtime)|x64.ActiveCfg = Debug (static runtime)|x64
		{7FF22935-8C7D-4903-908C-B77A9CDBA840}.Debug (static runtime)|x64.Build.0 = Debug (static runtime)|x64
		{7FF22935-8C7D-4903-908C-B77A9CDBA840}.Debug|Win32.ActiveCfg = Debug|Win32
		{7FF22935-8C7D-4903-908C-B77A9CDBA840}.Debug|Win32.Build.0 = Debug|Win32
		{7FF22935-8C7D-4903-908C-B77A9CDBA840}.Debug|x64.ActiveCfg = Debug|x64
		{7FF22935-8C7D-4903-908C-B77A9CDBA840}.Debug|x64.Build.0 = Debug|x64
		{7FF22935-8C7D-4903-908C-B77A9CDBA840}.Release (static runtime)|Win32.ActiveCfg = Release (static runtime)|Win32
		{7FF22935-8C7D-4903-908C-B77A9CDBA840}.Release (static runtime)|Win32.Build.0 = Release (static runtime)|Win32
		{7FF22935-8C7D-4903-908C-B77A9CDBA840}.Release (static runtime)|x64.ActiveCfg = Release (static runtime)|x64
		{7FF22935-8C7D-4903-908C-B77A9CDBA840}.Release (static runtime)|x64.Build.0 = Release (static runtime)|x64
		{7FF22935-8C7D-4903-908C-B77A9CDBA840}.Release|Win32.ActiveCfg = Release|Win32
		{7FF22935-8C7D-4903-908C-B77A9CDBA840}.Release|Win32.Build.0 = Release|Win32
		{7FF22935-8C7D-4903-908C-B77A9CDBA840}.Release|x64.ActiveCfg = Release|x64
		{7FF22935-8C7D-4903-908C-B77A9CDBA840}.Release|x64.Build.0 = Release|x64
		{940A0AFC-9F9F-4797-A0FF-99543F67C1D9}.Debug (static runtime)|Win32.ActiveCfg = Debug (static runtime)|Win32
		{940A0AFC-9F9F-4797-A0FF-99543F67C1D9}.Debug (static runtime)|Win32.Build.0 = Debug (static runtime)|Win32
		{940A0AFC-9F9F-4797-A0FF-99543F67C1D9}.Debug (static runtime)|x64.ActiveCfg = Debug (static runtime)|x64
		{940A0AFC-9F9F-4797-A0FF-99543F67C1D9}.Debug (static runtime)|x64.Build.0 = Debug (static runtime)|x64
		{940A0AFC-9F9F-4797-A0FF-99543F67C1D9}.Debug|Win32.ActiveCfg = Debug|Win32
		{940A0AFC-9F9F-4797-A0FF-99543F67C1D9}.Debug|Win32.Build.0 = Debug|Win32
		{940A0AFC-9F9F-4797-A0FF-99543F67C1D9}.Debug|x64.ActiveCfg = Debug|x64
		{940A0AFC-9F9F-4797-A0FF-99543F67C1D9}.Debug|x64.Build.0 = Debug|x64
		{940A0AFC-9F9F-4797-A0FF-99543F67C1D9}.Release (static runtime)|Win32.ActiveCfg = Release (static runtime)|Win32
		{940A0AFC-9F9F-4797-A0FF-99543F67C1D9}.Release (static runtime)|Win32.Build.0 = Release (static runtime)|Win32
		{940A0AFC-9F9F-4797-A0FF-99543F67C1D9}.Release (static runtime)|x64.ActiveCfg = Release (static runtime)|x64
		{940A0AFC-9F9F-4797-A0FF-99543F67C1D9}.Release (static runtime)|x64.Build.0 = Release (static runtime)|x64
		{940A0AFC-9F9F-4797-A0FF-99543F67C1D9}.Release|Win32.ActiveCfg = Release|Win32
		{940A0AFC-9F9F-4797-A0FF-99543F67C1D9}.Release|Win32.Build.0 = Release|Win32
		{940A0AFC-9F9F-4797-A0FF-99543F67C1D9}.Release|x64.ActiveCfg = Release|x64
		{940A0AFC-9F9F-4797-A0FF-99543F67C1D9}.Release|x64.Build.0 = Release|x64
		{C3E22CAD-0CAF-42DC-ADE0-B2FF4F644BCE}.Debug (static runtime)|Win32.ActiveCfg = Debug (static runtime)|Win32
		{C3E22CAD-0CAF-42DC-ADE0-B2FF4F644BCE}.Debug (static runtime)|Win32.Build.0 = Debug (static runtime)|Win32
		{C3E22CAD-0CAF-42DC-ADE0-B2FF4F644BCE}.Debug (static runtime)|x64.ActiveCfg = Debug (static runtime)|x64
		{C3E22CAD-0CAF-42DC-ADE0-B2FF4F644BCE}.Debug (static runtime)|x64.Build.0 = Debug (static runtime)|x64
		{C3E22CAD-0CAF-42DC-ADE0-B2FF4F644BCE}.Debug|Win32.ActiveCfg = Debug|Win32
		{C3E22CAD-0CAF-42DC-ADE0-B2FF4F644BCE}.Debug|Win32.Build.0 = Debug|Win32
		{C3E22CAD-0CAF-42DC-ADE0-B2FF4F644BCE}.Debug|x64.ActiveCfg = Debug|x64
		{C3E22CAD-0CAF-42DC-ADE0-B2FF4F644BCE}.Debug|x64.Build.0 = Debug|x64
		{C3E22CAD-0CAF-42DC-ADE0-B2FF4F644BCE}.Release (static runtime)|Win32.ActiveCfg = Release (static runtime)|Win32
		{C3E22CAD-0CAF-42DC-ADE0-B2FF4F644BCE}.Release (static runtime)|Win32.Build.0 = Release (static runtime)|Win32
		{C3E22CAD-0CAF-42DC-ADE0-B2FF4F644BCE}.Release (static runtime)|x64.ActiveCfg = Release (static runtime)|x64
		{C3E22CAD-0CAF-42DC-ADE0-B2FF4F644BCE}.Release (static runtime)|x64.Build.0 = Release (static runtime)|x64
		{C3E22CAD-0CAF-42DC-ADE0-B2FF4F644BCE}.Release|Win32.ActiveCfg = Release|Win32
		{C3E22CAD-0CAF-42DC-ADE0-B2FF4F644BCE}.Release|Win32.Build.0 = Release|Win32
		{C3E22CAD-0CAF-42DC-ADE0-B2FF4F644BCE}.Release|x64.ActiveCfg = Release|x64
		{C3E22CAD-0CAF-42DC-ADE0-B2FF4F644BCE}.Release|x64.Build.0 = Release|x64
		{4E262A25-90B4-449A-BFC0-95311CADF91D}.Debug (static runtime)|Win32.ActiveCfg = Debug (static runtime)|Win32
		{4E262A25-90B4-449A-BFC0-95311CADF91D}.Debug (static runtime)|Win32.Build.0 = Debug (static runtime)|Win32
		{4E262A25-90B4-449A-BFC0-95311CADF91D}.Debug (static runtime)|x64.ActiveCfg = Debug (static runtime)|x64
		{4E262A25-90B4-449A-BFC0-95311CADF91D}.Debug (static runtime)|x64.Build.0 = Debug (static runtime)|x64
		{4E262A25-90B4-449A-BFC0-95311CADF91D}.Debug|Win32.ActiveCfg = Debug|Win32
		{4E262A25-90B4-449A-BFC0-95311CADF91D}.Debug|Win32.Build.0 = Debug|Win32
		{4E262A25-90B4-449A-BFC0-95311CADF91D}.Debug|x64.ActiveCfg = Debug|x64
		{4E262A25-90B4-449A-BFC0-95311CADF91D}.Debug|x64.Build.0 = Debug|x64
		{4E262A25-90B4-449A-BFC0-95311CADF91D}.Release (static runtime)|Win32.ActiveCfg = Release (static runtime)|Win32
		{4E262A25-90B4-449A-BFC0-95311CADF91D}.Release (static runtime)|Win32.Build.0 = Release (static runtime)|Win32
		{4E262A25-90B4-449A-BFC0-95311CADF91D}.Release (static runtime)|x64.ActiveCfg = Release (static runtime)|x64
		{4E262A25-90B4-449A-BFC0-95311CADF91D}.Release (static runtime)|x64.Build.0 = Release (static runtime)|x64
		{4E262A25-90B4-449A-BFC0-95311CADF91D}.Release|Win32.ActiveCfg = Release|Win32
		{4E262A25-90B4-449A-BFC0-95311CADF91D}.Release|Win32.Build.0 = Release|Win32
		{4E262A25-90B4-449A-BFC0-95311CADF91D}.Release|x64.ActiveCfg = Release|x64
		{4E262A25-90B4-449A-BFC0-95311CADF91D}.Release|x64.Build.0 = Release|x64
		{0214688B-CE8A-4446-9BDD-1AE7F486EB8B}.Debug (static runtime)|Win32.ActiveCfg = Debug (static runtime)|Win32
		{0214688B-CE8A-4446-9BDD-1AE7F486EB8B}.Debug (static runtime)|Win32.Build.0 = Debug (static runtime)|Win32
		{0214688B-CE8A-4446-9BDD-1AE7F486EB8B}.Debug (static runtime)|x64.ActiveCfg = Debug (static runtime)|x64
		{0214688B-CE8A-4446-9BDD-1AE7F486EB8B}.Debug (static runtime)|x64.Build.0 = Debug (static runtime)|x64
		{0214688B-CE8A-4446-9BDD-1AE7F486EB8B}.Debug|Win32.ActiveCfg = Debug|Win32
		{0214688B-CE8A-4446-9BDD-1AE7F486EB8B}.Debug|Win32.Build.0 = Debug|Win32
		{0214688B-CE8A-4446-9BDD-1AE7F486EB8B}.Debug|x64.ActiveCfg = Debug|x64
		{0214688B-CE8A-4446-9BDD-1AE7F486EB8B}.Debug|x64.Build.0 = Debug|x64
		{0214688B-CE8A-4446-9BDD-1AE7F486EB8B}.Release (static runtime)|Win32.ActiveCfg = Release (static runtime)|Win32
		{0214688B-CE8A-4446-9BDD-1AE7F486EB8B}.Release (static runtime)|Win32.Build.0 = Release (static runtime)|Win32
		{0214688B-CE8A-4446-9BDD-1AE7F486EB8B}.Release (static runtime)|x64.ActiveCfg = Release (static runtime)|x64
		{0214688B-CE8A-4446-9BDD-1AE7F486EB8B}.Release (static runtime)|x64.Build.0 = Release (static runtime)|x64
		{0214688B-CE8A-4446-9BDD-1AE7F486EB8B}.Release|Win32.ActiveCfg = Release|Win32
		{0214688B-CE8A-4446-9BDD-1AE7F486EB8B}.Release|Win32.Build.0 = Release|Win32
		{0214688B-CE8A-4446-9BDD-1AE7F486EB8B}.Release|x64.ActiveCfg = Release|x64
		{0214688B-CE8A-4446-9BDD-1AE7F486EB8B}.Release|x64.Build.0 = Release|x64
		{65F5530B-D97E-4BDB-949F-9C31C56104B0}.Debug (static runtime)|Win32.ActiveCfg = Debug (static runtime)|Win32
		{65F5530B-D97E-4BDB-949F-9C31C56104B0}.Debug (static runtime)|Win32.Build.0 = Debug (static runtime)|Win32
		{65F5530B-D97E-4BDB-949F-9C31C56104B0}.Debug (static runtime)|x64.ActiveCfg = Debug (static runtime)|x64
		{65F5530B-D97E-4BDB-949F-9C31C56104B0}.Debug (static runtime)|x64.Build.0 = Debug (static runtime)|x64
		{65F5530B-D97E-4BDB-949F-9C31C56104B0}.Debug|Win32.ActiveCfg = Debug|Win32
		{65F5530B-D97E-4BDB-949F-9C31C56104B0}.Debug|Win32.Build.0 = Debug|Win32
		{65F5530B-D97E-4BDB-949F-9C31C56104B0}.Debug|x64.ActiveCfg = Debug|x64
		{65F5530B-D97E-4BDB-949F-9C31C56104B0}.Debug|x64.Build.0 = Debug|x64
		{65F5530B-D97E-4BDB-949F-9C31C56104B0}.Release (static runtime)|Win32.ActiveCfg = Release (static runtime)|Win32
		{65F5530B-D97E-4BDB-949F-9C31C56104B0}.Release (static runtime)|Win32.Build.0 = Release (static runtime)|Win32
		{65F5530B-D97E-4BDB-949F-9C31C56104B0}.Release (static runtime)|x64.ActiveCfg = Release (static runtime)|x64
		{65F5530B-D97E-4BDB-949F-9C31C56104B0}.Release (static runtime)|x64.Build.0 = Release (static runtime)|x64
		{65F5530B-D97E-4BDB-949F-9C31C56104B0}.Release|Win32.ActiveCfg = Release|Win32
		{65F5530B-D97E-4BDB-949F-9C31C56104B0}.Release|Win32.Build.0 = Release|Win32
		{65F5530B-D97E-4BDB-949F-9C31C56104B0}.Release|x64.ActiveCfg = Release|x64
		{65F5530B-D97E-4BDB-949F-9C31C56104B0}.Release|x64.Build.0 = Release|x64
		{C8AFC9D1-704C-4AB5-911B-3C93C27C63D0}.Debug (static runtime)|Win32.ActiveCfg = Debug (static runtime)|Win32
		{C8AFC9D1-704C-4AB5-911B-3C93C27C63D0}.Debug (static runtime)|Win32.Build.0 = Debug (static runtime)|Win32
		{C8AFC9D1-704C-4AB5-911B-3C93C27C63D0}.Debug (static runtime)|x64.ActiveCfg = Debug (static runtime)|x64
		{C8AFC9D1-704C-4AB5-911B-3C93C27C63D0}.Debug (static runtime)|x64.Build.0 = Debug (static runtime)|x64
		{C8AFC9D1-704C-4AB5-911B-3C93C27C63D0}.Debug|Win32.ActiveCfg = Debug|Win32
		{C8AFC9D1-704C-4AB5-911B-3C93C27C63D0}.Debug|Win32.Build.0 = Debug|Win32
		{C8AFC9D1-704C-4AB5-911B-3C93C27C63D0}.Debug|x64.ActiveCfg = Debug|x64
		{C8AFC9D1-704C-4AB5-911B-3C93C27C63D0}.Debug|x64.Build.0 = Debug|x64
		{C8AFC9D1-704C-4AB5-911B-3C93C27C63D0}.Release (static runtime)|Win32.ActiveCfg = Release (static runtime)|Win32
		{C8AFC9D1-704C-4AB5-911B-3C93C27C63D0}.Release (static runtime)|Win32.Build.0 = Release (static runtime)|Win32
		{C8AFC9D1-704C-4AB5-911B-3C93C27C63D0}.Release (static runtime)|x64.ActiveCfg = Release (static runtime)|x64
		{C8AFC9D1-704C-4AB5-911B-3C93C27C63D0}.Release (static runtime)|x64.Build.0 = Release (static runtime)|x64
		{C8AFC9D1-704C-4AB5-911B-3C93C27C63D0}.Release|Win32.ActiveCfg = Release|Win32
		{C8AFC9D1-704C-4AB5-911B-3C93C27C63D0}.Release|Win32.Build.0 = Release|Win32
		{C8AFC9D1-704C-4AB5-911B-3C93C27C63D0}.Release|x64.ActiveCfg = Release|x64
		{C8AFC9D1-704C-4AB5-911B-3C93C27C63D0}.Release|x64.Build.0 = Release|x64
		{47CE2A41-091A-42A3-B40D-F6F0DD689349}.Debug (static runtime)|Win32.ActiveCfg = Debug (static runtime)|Win32
		{47CE2A41-091A-42A3-B40D-F6F0DD689349}.Debug (static runtime)|Win32.Build.0 = Debug (static runtime)|Win32
		{47CE2A41-091A-42A3-B40D-F6F0DD689349}.Debug (static runtime)|x64.ActiveCfg = Debug (static runtime)|x64
		{47CE2A41-091A-42A3-B40D-F6F0DD689349}.Debug (static runtime)|x64.Build.0 = Debug (static runtime)|x64
		{47CE2A41-091A-42A3-B40D-F6F0DD689349}.Debug|Win32.ActiveCfg = Debug|Win32
		{47CE2A41-091A-42A3-B40D-F6F0DD689349}.Debug|Win32.Build.0 = Debug|Win32
		{47CE2A41-091A-42A3-B40D-F6F0DD689349}.Debug|x64.ActiveCfg = Debug|x64
		{47CE2A41-091A-42A3-B40D-F6F0DD689349}.Debug|x64.Build.0 = Debug|x64
		{47CE2A41-091A-42A3-B40D-F6F0DD689349}.Release (static runtime)|Win32.ActiveCfg = Release (static runtime)|Win32
		{47CE2A41-091A-42A3-B40D-F6F0DD689349}.Release (static runtime)|Win32.Build.0 = Release (static runtime)|Win32
		{47CE2A41-091A-42A3-B40D-F6F0DD689349}.Release (static runtime)|x64.ActiveCfg = Release (static runtime)|x64
		{47CE2A41-091A-42A3-B40D-F6F0DD689349}.Release (static runtime)|x64.Build.0 = Release (static runtime)|x64
		{47CE2A41-091A-42A3-B40D-F6F0DD689349}.Release|Win32.ActiveCfg = Release|Win32
		{47CE2A41-091A-42A3-B40D-F6F0DD689349}.Release|Win32.Build.0 = Release|Win32
		{47CE2A41-091A-42A3-B40D-F6F0DD689349}.Release|x64.ActiveCfg = Release|x64
		{47CE2A41-091A-42A3-B40D-F6F0DD689349}.Release|x64.Build.0 = Release|x64
		{B62FC7BE-C1BC-4AB0-BB11-BBF627CC3BA6}.Debug (static runtime)|Win32.ActiveCfg = Debug (static runtime)|Win32
		{B62FC7BE-C1BC-4AB0-BB11-BBF627CC3BA6}.Debug (static runtime)|Win32.Build.0 = Debug (static runtime)|Win32
		{B62FC7BE-C1BC-4AB0-BB11-BBF627CC3BA6}.Debug (static runtime)|x64.ActiveCfg = Debug (static runtime)|x64
		{B62FC7BE-C1BC-4AB0-BB11-BBF627CC3BA6}.Debug (static runtime)|x64.Build.0 = Debug (static runtime)|x64
		{B62FC7BE-C1BC-4AB0-BB11-BBF627CC3BA6}.Debug|Win32.ActiveCfg = Debug|Win32
		{B62FC7BE-C1BC-4AB0-BB11-BBF627CC3BA6}.Debug|Win32.Build.0 = Debug|Win32
		{B62FC7BE-C1BC-4AB0-BB11-BBF627CC3BA6}.Debug|x64.ActiveCfg = Debug|x64
		{B62FC7BE-C1BC-4AB0-BB11-BBF627CC3BA6}.Debug|x64.Build.0 = Debug|x64
		{B62FC7BE-C1BC-4AB0-BB11-BBF627CC3BA6}.Release (static runtime)|Win32.ActiveCfg = Release (static runtime)|Win32
		{B62FC7BE-C1BC-4AB0-BB11-BBF627CC3BA6}.Release (static runtime)|Win32.Build.0 = Release (static runtime)|Win32
		{B62FC7BE-C1BC-4AB0-BB11-BBF627CC3BA6}.Release (static runtime)|x64.ActiveCfg = Release (static runtime)|x64
		{B62FC7BE-C1BC-4AB0-BB11-BBF627CC3BA6}.Release (static runtime)|x64.Build.0 = Release (static runtime)|x64
		{B62FC7BE-C1BC-4AB0-BB11-BBF627CC3BA6}.Release|Win32.ActiveCfg = Release|Win32
		{B62FC7BE-C1BC-4AB0-BB11-BBF627CC3BA6}.Release|Win32.Build.0 = Release|Win32
		{B62FC7BE-C1BC-4AB0-BB11-BBF627CC3BA6}.Release|x64.ActiveCfg = Release|x64
		{B62FC7BE-C1BC-4AB0-BB11-BBF627CC3BA6}.Release|x64.Build.0 = Release|x64
		{D3E10D43-57DF-42D7-AEA6-44AD48CAE119}.Debug (static runtime)|Win32.ActiveCfg = Debug (static runtime)|Win32
		{D3E10D43-57DF-42D7-AEA6-44AD48CAE119}.Debug (static runtime)|Win32.Build.0 = Debug (static runtime)|Win32
		{D3E10D43-57DF-42D7-AEA6-44AD48CAE119}.Debug (static runtime)|x64.ActiveCfg = Debug (static runtime)|x64
		{D3E10D43-57DF-42D7-AEA6-44AD48CAE119}.Debug (static runtime)|x64.Build.0 = Debug (static runtime)|x64
		{D3E10D43-57DF-42D7-AEA6-44AD48CAE119}.Debug|Win32.ActiveCfg = Debug|Win32
		{D3E10D43-57DF-42D7-AEA6-44AD48CAE119}.Debug|Win32.Build.0 = Debug|Win32
		{D3E10D43-57DF-42D7-AEA6-44AD48CAE119}.Debug|x64.ActiveCfg = Debug|x64
		{D3E10D43-57DF-42D7-AEA6-44AD48CAE119}.Debug|x64.Build.0 = Debug|x64
		{D3E10D43-57DF-42D7-AEA6-44AD48CAE119}.Release (static runtime)|Win32.ActiveCfg = Release (static runtime)|Win32
		{D3E10D43-57DF-42D7-AEA6-44AD48CAE119}.Release (static runtime)|Win32.Build.0 = Release (static runtime)|Win32
		{D3E10D43-57DF-42D7-AEA6-44AD48CAE119}.Release (static runtime)|x64.ActiveCfg = Release (static runtime)|x64
		{D3E10D43-57DF-42D7-AEA6-44AD48CAE119}.Release (static runtime)|x64.Build.0 = Release (static runtime)|x64
		{D3E10D43-57DF-42D7-AEA6-44AD48CAE119}.Release|Win32.ActiveCfg = Release|Win32
		{D3E10D43-57DF-42D7-AEA6-44AD48CAE119}.Release|Win32.Build.0 = Release|Win32
		{D3E10D43-57DF-42D7-AEA6-44AD48CAE119}.Release|x64.ActiveCfg = Release|x64
		{D3E10D43-57DF-42D7-AEA6-44AD48CAE119}.Release|x64.Build.0 = Release|x64
		{E4098DFF-FD34-48A6-955F-C1E3F97FBA26}.Debug (static runtime)|Win32.ActiveCfg = Debug (static runtime)|Win32
		{E4098DFF-FD34-48A6-955F-C1E3F97FBA26}.Debug (static runtime)|Win32.Build.0 = Debug (static runtime)|Win32
		{E4098DFF-FD34-48A6-955F-C1E3F97FBA26}.Debug (static runtime)|x64.ActiveCfg = Debug (static runtime)|x64
		{E4098DFF-FD34-48A6-955F-C1E3F97FBA26}.Debug (static runtime)|x64.Build.0 = Debug (static runtime)|x64
		{E4098DFF-FD34-48A6-955F-C1E3F97FBA26}.Debug|Win32.ActiveCfg = Debug|Win32
		{E4098DFF-FD34-48A6-955F-C1E3F97FBA26}.Debug|Win32.Build.0 = Debug|Win32
		{E4098DFF-FD34-48A6-955F-C1E3F97FBA26}.Debug|x64.ActiveCfg = Debug|x64
		{E4098DFF-FD34-48A6-955F-C1E3F97FBA26}.Debug|x64.Build.0 = Debug|x64
		{E4098DFF-FD34-48A6-955F-C1E3F97FBA26}.Release (static runtime)|Win32.ActiveCfg = Release (static runtime)|Win32
		{E4098DFF-FD34-48A6-955F-C1E3F97FBA26}.Release (static runtime)|Win32.Build.0 = Release (static runtime)|Win32
		{E4098DFF-FD34-48A6-955F-C1E3F97FBA26}.Release (static runtime)|x64.ActiveCfg = Release (static runtime)|x64
		{E4098DFF-FD34-48A6-955F-C1E3F97FBA26}.Release (static runtime)|x64.Build.0 = Release (static runtime)|x64
		{E4098DFF-FD34-48A6-955F-C1E3F97FBA26}.Release|Win32.ActiveCfg = Release|Win32
		{E4098DFF-FD34-48A6-955F-C1E3F97FBA26}.Release|Win32.Build.0 = Release|Win32
		{E4098DFF-FD34-48A6-955F-C1E3F97FBA26}.Release|x64.ActiveCfg = Release|x64
		{E4098DFF-FD34-48A6-955F-C1E3F97FBA26}.Release|x64.Build.0 = Release|x64
		{43A17E5B-EC94-4EB5-9D68-788BF234AE1F}.Debug (static runtime)|Win32.ActiveCfg = Debug (static runtime)|Win32
		{43A17E5B-EC94-4EB5-9D68-788BF234AE1F}.Debug (static runtime)|Win32.Build.0 = Debug (static runtime)|Win32
		{43A17E5B-EC94-4EB5-9D68-788BF234AE1F}.Debug (static runtime)|x64.ActiveCfg = Debug (static runtime)|x64
		{43A17E5B-EC94-4EB5-9D68-788BF234AE1F}.Debug (static runtime)|x64.Build.0 = Debug (static runtime)|x64
		{43A17E5B-EC94-4EB5-9D68-788BF234AE1F}.Debug|Win32.ActiveCfg = Debug|Win32
		{43A17E5B-EC94-4EB5-9D68-788BF234AE1F}.Debug|Win32.Build.0 = Debug|Win32
		{43A17E5B-EC94-4EB5-9D68-788BF234AE1F}.Debug|x64.ActiveCfg = Debug|x64
		{43A17E5B-EC94-4EB5-9D68-788BF234AE1F}.Debug|x64.Build.0 = Debug|x64
		{43A17E5B-EC94-4EB5-9D68-788BF234AE1F}.Release (static runtime)|Win32.ActiveCfg = Release (static runtime)|Win32
		{43A17E5B-EC94-4EB5-9D68-788BF234AE1F}.Release (static runtime)|Win32.Build.0 = Release (static runtime)|Win32
		{43A17E5B-EC94-4EB5-9D68-788BF234AE1F}.Release (static runtime)|x64.ActiveCfg = Release (static runtime)|x64
		{43A17E5B-EC94-4EB5-9D68-788BF234AE1F}.Release (static runtime)|x64.Build.0 = Release (static runtime)|x64
		{43A17E5B-EC94-4EB5-9D68-788BF234AE1F}.Release|Win32.ActiveCfg = Release|Win32
		{43A17E5B-EC94-4EB5-9D68-788BF234AE1F}.Release|Win32.Build.0 = Release|Win32
		{43A17E5B-EC94-4EB5-9D68-788BF234AE1F}.Release|x64.ActiveCfg = Release|x64
		{43A17E5B-EC94-4EB5-9D68-788BF234AE1F}.Release|x64.Build.0 = Release|x64
		{D85EA161-361A-4CAC-8B77-39E174FCFFE2}.Debug (static runtime)|Win32.ActiveCfg = Debug (static runtime)|Win32
		{D85EA161-361A-4CAC-8B77-39E174FCFFE2}.Debug (static runtime)|Win32.Build.0 = Debug (static runtime)|Win32
		{D85EA161-361A-4CAC-8B77-39E174FCFFE2}.Debug (static runtime)|x64.ActiveCfg = Debug (static runtime)|x64
		{D85EA161-361A-4CAC-8B77-39E174FCFFE2}.Debug (static runtime)|x64.Build.0 = Debug (static runtime)|x64
		{D85EA161-361A-4CAC-8B77-39E174FCFFE2}.Debug|Win32.ActiveCfg = Debug|Win32
		{D85EA161-361A-4CAC-8B77-39E174FCFFE2}.Debug|Win32.Build.0 = Debug|Win32
		{D85EA161-361A-4CAC-8B77-39E174FCFFE2}.Debug|x64.ActiveCfg = Debug|x64
		{D85EA161-361A-4CAC-8B77-39E174FCFFE2}.Debug|x64.Build.0 = Debug|x64
		{D85EA161-361A-4CAC-8B77-39E174FCFFE2}.Release (static runtime)|Win32.ActiveCfg = Release (static runtime)|Win32
		{D85EA161-361A-4CAC-8B77-39E174FCFFE2}.Release (static runtime)|Win32.Build.0 = Release (static runtime)|Win32
		{D85EA161-361A-4CAC-8B77-39E174FCFFE2}.Release (static runtime)|x64.ActiveCfg = Release (static runtime)|x64
		{D85EA161-361A-4CAC-8B77-39E174FCFFE2}.Release (static runtime)|x64.Build.0 = Release (static runtime)|x64
		{D85EA161-361A-4CAC-8B77-39E174FCFFE2}.Release|Win32.ActiveCfg = Release|Win32
		{D85EA161-361A-4CAC-8B77-39E174FCFFE2}.Release|Win32.Build.0 = Release|Win32
		{D85EA161-361A-4CAC-8B77-39E174FCFFE2}.Release|x64.ActiveCfg = Release|x64
		{D85EA161-361A-4CAC-8B77-39E174FCFFE2}.Release|x64.Build.0 = Release|x64
		{ED7AED39-312A-4330-8ADF-DD24F848A754}.Debug (static runtime)|Win32.ActiveCfg = Debug (static runtime)|Win32
		{ED7AED39-312A-4330-8ADF-DD24F848A754}.Debug (static runtime)|Win32.Build.0 = Debug (static runtime)|Win32
		{ED7AED39-312A-4330-8ADF-DD24F848A754}.Debug (static runtime)|x64.ActiveCfg = Debug (static runtime)|x64
		{ED7AED39-312A-4330-8ADF-DD24F848A754}.Debug (static runtime)|x64.Build.0 = Debug (static runtime)|x64
		{ED7AED39-312A-4330-8ADF-DD24F848A754}.Debug|Win32.ActiveCfg = Debug|Win32
		{ED7AED39-312A-4330-8ADF-DD24F848A754}.Debug|Win32.Build.0 = Debug|Win32
		{ED7AED39-312A-4330-8ADF-DD24F848A754}.Debug|x64.ActiveCfg = Debug|x64
		{ED7AED39-312A-4330-8ADF-DD24F848A754}.Debug|x64.Build.0 = Debug|x64
		{ED7AED39-312A-4330-8ADF-DD24F848A754}.Release (static runtime)|Win32.ActiveCfg = Release (static runtime)|Win32
		{ED7AED39-312A-4330-8ADF-DD24F848A754}.Release (static runtime)|Win32.Build.0 = Release (static runtime)|Win32
		{ED7AED39-312A-4330-8ADF-DD24F848A754}.Release (static runtime)|x64.ActiveCfg = Release (static runtime)|x64
		{ED7AED39-312A-4330-8ADF-DD24F848A754}.Release (static runtime)|x64.Build.0 = Release (static runtime)|x64
		{ED7AED39-312A-4330-8ADF-DD24F848A754}.Release|Win32.ActiveCfg = Release|Win32
		{ED7AED39-312A-4330-8ADF-DD24F848A754}.Release|Win32.Build.0 = Release|Win32
		{ED7AED39-312A-4330-8ADF-DD24F848A754}.Release|x64.ActiveCfg = Release|x64
		{ED7AED39-312A-4330-8ADF-DD24F848A754}.Release|x64.Build.0 = Release|x64
		{72EA8C58-0BA5-49B6-A7F1-269EC6764CED}.Debug (static runtime)|Win32.ActiveCfg = Debug|Win32
		{72EA8C58-0BA5-49B6-A7F1-269EC6764CED}.Debug (static runtime)|Win32.Build.0 = Debug|Win32
		{72EA8C58-0BA5-49B6-A7F1-269EC6764CED}.Debug (static runtime)|x64.ActiveCfg = Debug|x64
		{72EA8C58-0BA5-49B6-A7F1-269EC6764CED}.Debug (static runtime)|x64.Build.0 = Debug|x64
		{72EA8C58-0BA5-49B6-A7F1-269EC6764CED}.Debug|Win32.ActiveCfg = Debug|Win32
		{72EA8C58-0BA5-49B6-A7F1-269EC6764CED}.Debug|Win32.Build.0 = Debug|Win32
		{72EA8C58-0BA5-49B6-A7F1-269EC6764CED}.Debug|x64.ActiveCfg = Debug|x64
		{72EA8C58-0BA5-49B6-A7F1-269EC6764CED}.Debug|x64.Build.0 = Debug|x64
		{72EA8C58-0BA5-49B6-A7F1-269EC6764CED}.Release (static runtime)|Win32.ActiveCfg = Release|Win32
		{72EA8C58-0BA5-49B6-A7F1-269EC6764CED}.Release (static runtime)|Win32.Build.0 = Release|Win32
		{72EA8C58-0BA5-49B6-A7F1-269EC6764CED}.Release (static runtime)|x64.ActiveCfg = Release|x64
		{72EA8C58-0BA5-49B6-A7F1-269EC6764CED}.Release (static runtime)|x64.Build.0 = Release|x64
		{72EA8C58-0BA5-49B6-A7F1-269EC6764CED}.Release|Win32.ActiveCfg = Release|Win32
		{72EA8C58-0BA5-49B6-A7F1-269EC6764CED}.Release|Win32.Build.0 = Release|Win32
		{72EA8C58-0BA5-49B6-A7F1-269EC6764CED}.Release|x64.ActiveCfg = Release|x64
		{72EA8C58-0BA5-49B6-A7F1-269EC6764CED}.Release|x64.Build.0 = Release|x64
	EndGlobalSection
	GlobalSection(SolutionProperties) = preSolution
		HideSolutionNode = FALSE
	EndGlobalSection
	GlobalSection(NestedProjects) = preSolution
		{4EAC6A0E-20F2-4B5A-8250-7E930CCE3AD0} = {F1820A45-F18D-4C54-90E2-8C4368EAE185}
		{EF6D982C-CF99-4442-B297-776DBECFAFC9} = {F1820A45-F18D-4C54-90E2-8C4368EAE185}
		{7C32702E-ED12-49F1-B476-656DD1EBCE66} = {F1820A45-F18D-4C54-90E2-8C4368EAE185}
		{B96E9E0A-99DA-4E9F-B8D0-941F46CDF634} = {F1820A45-F18D-4C54-90E2-8C4368EAE185}
		{1B660588-A923-4D84-9092-16DA67869773} = {F1820A45-F18D-4C54-90E2-8C4368EAE185}
		{7FF22935-8C7D-4903-908C-B77A9CDBA840} = {F1820A45-F18D-4C54-90E2-8C4368EAE185}
		{940A0AFC-9F9F-4797-A0FF-99543F67C1D9} = {F1820A45-F18D-4C54-90E2-8C4368EAE185}
		{C3E22CAD-0CAF-42DC-ADE0-B2FF4F644BCE} = {F1820A45-F18D-4C54-90E2-8C4368EAE185}
		{4E262A25-90B4-449A-BFC0-95311CADF91D} = {F1820A45-F18D-4C54-90E2-8C4368EAE185}
		{0214688B-CE8A-4446-9BDD-1AE7F486EB8B} = {F1820A45-F18D-4C54-90E2-8C4368EAE185}
		{65F5530B-D97E-4BDB-949F-9C31C56104B0} = {F1820A45-F18D-4C54-90E2-8C4368EAE185}
		{C8AFC9D1-704C-4AB5-911B-3C93C27C63D0} = {F1820A45-F18D-4C54-90E2-8C4368EAE185}
		{47CE2A41-091A-42A3-B40D-F6F0DD689349} = {F1820A45-F18D-4C54-90E2-8C4368EAE185}
		{B62FC7BE-C1BC-4AB0-BB11-BBF627CC3BA6} = {F1820A45-F18D-4C54-90E2-8C4368EAE185}
		{D3E10D43-57DF-42D7-AEA6-44AD48CAE119} = {F1820A45-F18D-4C54-90E2-8C4368EAE185}
		{E4098DFF-FD34-48A6-955F-C1E3F97FBA26} = {F1820A45-F18D-4C54-90E2-8C4368EAE185}
		{43A17E5B-EC94-4EB5-9D68-788BF234AE1F} = {F1820A45-F18D-4C54-90E2-8C4368EAE185}
		{D85EA161-361A-4CAC-8B77-39E174FCFFE2} = {F1820A45-F18D-4C54-90E2-8C4368EAE185}
		{ED7AED39-312A-4330-8ADF-DD24F848A754} = {F1820A45-F18D-4C54-90E2-8C4368EAE185}
		{72EA8C58-0BA5-49B6-A7F1-269EC6764CED} = {F1820A45-F18D-4C54-90E2-8C4368EAE185}
	EndGlobalSection
	GlobalSection(ExtensibilityGlobals) = postSolution
		SolutionGuid = {143EE175-6EF6-4DAD-BB23-53B3026A6887}
	EndGlobalSection
EndGlobal
