Microsoft Visual Studio Solution File, Format Version 8.00
Project("{8BC9CEB8-8B4A-11D0-8D11-00A0C91BC942}") = "BermudanSwaption", "Examples\BermudanSwaption\BermudanSwaption.vcproj", "{B96E9E0A-99DA-4E9F-B8D0-941F46CDF634}"
	ProjectSection(ProjectDependencies) = postProject
		{AD0A27DA-91DA-46A2-ACBD-296C419ED3AA} = {AD0A27DA-91DA-46A2-ACBD-296C419ED3AA}
	EndProjectSection
EndProject
Project("{8BC9CEB8-8B4A-11D0-8D11-00A0C91BC942}") = "DiscreteHedging", "Examples\DiscreteHedging\DiscreteHedging.vcproj", "{C3E22CAD-0CAF-42DC-ADE0-B2FF4F644BCE}"
	ProjectSection(ProjectDependencies) = postProject
		{AD0A27DA-91DA-46A2-ACBD-296C419ED3AA} = {AD0A27DA-91DA-46A2-ACBD-296C419ED3AA}
	EndProjectSection
EndProject
Project("{8BC9CEB8-8B4A-11D0-8D11-00A0C91BC942}") = "QuantLib", "QuantLib.vcproj", "{AD0A27DA-91DA-46A2-ACBD-296C419ED3AA}"
	ProjectSection(ProjectDependencies) = postProject
	EndProjectSection
EndProject
Project("{8BC9CEB8-8B4A-11D0-8D11-00A0C91BC942}") = "testsuite", "test-suite\testsuite.vcproj", "{A613045C-34AF-4706-AA3C-730C92524F74}"
	ProjectSection(ProjectDependencies) = postProject
		{1D456CAA-C3F3-4BC5-BAFA-7831D584553A} = {1D456CAA-C3F3-4BC5-BAFA-7831D584553A}
		{AD0A27DA-91DA-46A2-ACBD-296C419ED3AA} = {AD0A27DA-91DA-46A2-ACBD-296C419ED3AA}
	EndProjectSection
EndProject
Project("{8BC9CEB8-8B4A-11D0-8D11-00A0C91BC942}") = "QuantLibFunctions", "functions\ql\Functions\QuantLibFunctions.vcproj", "{1D456CAA-C3F3-4BC5-BAFA-7831D584553A}"
	ProjectSection(ProjectDependencies) = postProject
		{AD0A27DA-91DA-46A2-ACBD-296C419ED3AA} = {AD0A27DA-91DA-46A2-ACBD-296C419ED3AA}
	EndProjectSection
EndProject
Project("{8BC9CEB8-8B4A-11D0-8D11-00A0C91BC942}") = "Swap", "Examples\Swap\Swap.vcproj", "{4EAC6A0E-20F2-4B5A-8250-7E930CCE3AD0}"
	ProjectSection(ProjectDependencies) = postProject
		{AD0A27DA-91DA-46A2-ACBD-296C419ED3AA} = {AD0A27DA-91DA-46A2-ACBD-296C419ED3AA}
	EndProjectSection
EndProject
Project("{8BC9CEB8-8B4A-11D0-8D11-00A0C91BC942}") = "EquityOption", "Examples\EquityOption\EquityOption.vcproj", "{F4C7860F-00A0-47B3-B66F-C6D1B8A99CDE}"
	ProjectSection(ProjectDependencies) = postProject
	EndProjectSection
EndProject
Project("{8BC9CEB8-8B4A-11D0-8D11-00A0C91BC942}") = "ConvertibleBonds", "Examples\ConvertibleBonds\ConvertibleBonds.vcproj", "{F4C7860F-00A0-47B3-B66F-C6D1B8A99CDE}"
	ProjectSection(ProjectDependencies) = postProject
	EndProjectSection
EndProject
Global
	GlobalSection(SolutionConfiguration) = preSolution
		Debug = Debug
		Debug MTDLL = Debug MTDLL
		Debug SingleThread = Debug SingleThread
		Release = Release
		Release MTDLL = Release MTDLL
		Release SingleThread = Release SingleThread
	EndGlobalSection
	GlobalSection(ProjectConfiguration) = postSolution
		{B96E9E0A-99DA-4E9F-B8D0-941F46CDF634}.Debug.ActiveCfg = Debug|Win32
		{B96E9E0A-99DA-4E9F-B8D0-941F46CDF634}.Debug.Build.0 = Debug|Win32
		{B96E9E0A-99DA-4E9F-B8D0-941F46CDF634}.Debug MTDLL.ActiveCfg = Debug MTDLL|Win32
		{B96E9E0A-99DA-4E9F-B8D0-941F46CDF634}.Debug MTDLL.Build.0 = Debug MTDLL|Win32
		{B96E9E0A-99DA-4E9F-B8D0-941F46CDF634}.Debug SingleThread.ActiveCfg = Debug SingleThread|Win32
		{B96E9E0A-99DA-4E9F-B8D0-941F46CDF634}.Debug SingleThread.Build.0 = Debug SingleThread|Win32
		{B96E9E0A-99DA-4E9F-B8D0-941F46CDF634}.Release.ActiveCfg = Release|Win32
		{B96E9E0A-99DA-4E9F-B8D0-941F46CDF634}.Release.Build.0 = Release|Win32
		{B96E9E0A-99DA-4E9F-B8D0-941F46CDF634}.Release MTDLL.ActiveCfg = Release MTDLL|Win32
		{B96E9E0A-99DA-4E9F-B8D0-941F46CDF634}.Release MTDLL.Build.0 = Release MTDLL|Win32
		{B96E9E0A-99DA-4E9F-B8D0-941F46CDF634}.Release SingleThread.ActiveCfg = Release SingleThread|Win32
		{B96E9E0A-99DA-4E9F-B8D0-941F46CDF634}.Release SingleThread.Build.0 = Release SingleThread|Win32
		{C3E22CAD-0CAF-42DC-ADE0-B2FF4F644BCE}.Debug.ActiveCfg = Debug|Win32
		{C3E22CAD-0CAF-42DC-ADE0-B2FF4F644BCE}.Debug.Build.0 = Debug|Win32
		{C3E22CAD-0CAF-42DC-ADE0-B2FF4F644BCE}.Debug MTDLL.ActiveCfg = Debug MTDLL|Win32
		{C3E22CAD-0CAF-42DC-ADE0-B2FF4F644BCE}.Debug MTDLL.Build.0 = Debug MTDLL|Win32
		{C3E22CAD-0CAF-42DC-ADE0-B2FF4F644BCE}.Debug SingleThread.ActiveCfg = Debug SingleThread|Win32
		{C3E22CAD-0CAF-42DC-ADE0-B2FF4F644BCE}.Debug SingleThread.Build.0 = Debug SingleThread|Win32
		{C3E22CAD-0CAF-42DC-ADE0-B2FF4F644BCE}.Release.ActiveCfg = Release|Win32
		{C3E22CAD-0CAF-42DC-ADE0-B2FF4F644BCE}.Release.Build.0 = Release|Win32
		{C3E22CAD-0CAF-42DC-ADE0-B2FF4F644BCE}.Release MTDLL.ActiveCfg = Release MTDLL|Win32
		{C3E22CAD-0CAF-42DC-ADE0-B2FF4F644BCE}.Release MTDLL.Build.0 = Release MTDLL|Win32
		{C3E22CAD-0CAF-42DC-ADE0-B2FF4F644BCE}.Release SingleThread.ActiveCfg = Release SingleThread|Win32
		{C3E22CAD-0CAF-42DC-ADE0-B2FF4F644BCE}.Release SingleThread.Build.0 = Release SingleThread|Win32
		{AD0A27DA-91DA-46A2-ACBD-296C419ED3AA}.Debug.ActiveCfg = Debug|Win32
		{AD0A27DA-91DA-46A2-ACBD-296C419ED3AA}.Debug.Build.0 = Debug|Win32
		{AD0A27DA-91DA-46A2-ACBD-296C419ED3AA}.Debug MTDLL.ActiveCfg = Debug MTDLL|Win32
		{AD0A27DA-91DA-46A2-ACBD-296C419ED3AA}.Debug MTDLL.Build.0 = Debug MTDLL|Win32
		{AD0A27DA-91DA-46A2-ACBD-296C419ED3AA}.Debug SingleThread.ActiveCfg = Debug SingleThread|Win32
		{AD0A27DA-91DA-46A2-ACBD-296C419ED3AA}.Debug SingleThread.Build.0 = Debug SingleThread|Win32
		{AD0A27DA-91DA-46A2-ACBD-296C419ED3AA}.Release.ActiveCfg = Release|Win32
		{AD0A27DA-91DA-46A2-ACBD-296C419ED3AA}.Release.Build.0 = Release|Win32
		{AD0A27DA-91DA-46A2-ACBD-296C419ED3AA}.Release MTDLL.ActiveCfg = Release MTDLL|Win32
		{AD0A27DA-91DA-46A2-ACBD-296C419ED3AA}.Release MTDLL.Build.0 = Release MTDLL|Win32
		{AD0A27DA-91DA-46A2-ACBD-296C419ED3AA}.Release SingleThread.ActiveCfg = Release SingleThread|Win32
		{AD0A27DA-91DA-46A2-ACBD-296C419ED3AA}.Release SingleThread.Build.0 = Release SingleThread|Win32
		{A613045C-34AF-4706-AA3C-730C92524F74}.Debug.ActiveCfg = Debug|Win32
		{A613045C-34AF-4706-AA3C-730C92524F74}.Debug.Build.0 = Debug|Win32
		{A613045C-34AF-4706-AA3C-730C92524F74}.Debug MTDLL.ActiveCfg = Debug MTDLL|Win32
		{A613045C-34AF-4706-AA3C-730C92524F74}.Debug MTDLL.Build.0 = Debug MTDLL|Win32
		{A613045C-34AF-4706-AA3C-730C92524F74}.Debug SingleThread.ActiveCfg = Debug SingleThread|Win32
		{A613045C-34AF-4706-AA3C-730C92524F74}.Debug SingleThread.Build.0 = Debug SingleThread|Win32
		{A613045C-34AF-4706-AA3C-730C92524F74}.Release.ActiveCfg = Release|Win32
		{A613045C-34AF-4706-AA3C-730C92524F74}.Release.Build.0 = Release|Win32
		{A613045C-34AF-4706-AA3C-730C92524F74}.Release MTDLL.ActiveCfg = Release MTDLL|Win32
		{A613045C-34AF-4706-AA3C-730C92524F74}.Release MTDLL.Build.0 = Release MTDLL|Win32
		{A613045C-34AF-4706-AA3C-730C92524F74}.Release SingleThread.ActiveCfg = Release SingleThread|Win32
		{A613045C-34AF-4706-AA3C-730C92524F74}.Release SingleThread.Build.0 = Release SingleThread|Win32
		{1D456CAA-C3F3-4BC5-BAFA-7831D584553A}.Debug.ActiveCfg = Debug|Win32
		{1D456CAA-C3F3-4BC5-BAFA-7831D584553A}.Debug.Build.0 = Debug|Win32
		{1D456CAA-C3F3-4BC5-BAFA-7831D584553A}.Debug MTDLL.ActiveCfg = Debug MTDLL|Win32
		{1D456CAA-C3F3-4BC5-BAFA-7831D584553A}.Debug MTDLL.Build.0 = Debug MTDLL|Win32
		{1D456CAA-C3F3-4BC5-BAFA-7831D584553A}.Debug SingleThread.ActiveCfg = Debug SingleThread|Win32
		{1D456CAA-C3F3-4BC5-BAFA-7831D584553A}.Debug SingleThread.Build.0 = Debug SingleThread|Win32
		{1D456CAA-C3F3-4BC5-BAFA-7831D584553A}.Release.ActiveCfg = Release|Win32
		{1D456CAA-C3F3-4BC5-BAFA-7831D584553A}.Release.Build.0 = Release|Win32
		{1D456CAA-C3F3-4BC5-BAFA-7831D584553A}.Release MTDLL.ActiveCfg = Release MTDLL|Win32
		{1D456CAA-C3F3-4BC5-BAFA-7831D584553A}.Release MTDLL.Build.0 = Release MTDLL|Win32
		{1D456CAA-C3F3-4BC5-BAFA-7831D584553A}.Release SingleThread.ActiveCfg = Release SingleThread|Win32
		{1D456CAA-C3F3-4BC5-BAFA-7831D584553A}.Release SingleThread.Build.0 = Release SingleThread|Win32
		{4EAC6A0E-20F2-4B5A-8250-7E930CCE3AD0}.Debug.ActiveCfg = Debug|Win32
		{4EAC6A0E-20F2-4B5A-8250-7E930CCE3AD0}.Debug.Build.0 = Debug|Win32
		{4EAC6A0E-20F2-4B5A-8250-7E930CCE3AD0}.Debug MTDLL.ActiveCfg = Debug MTDLL|Win32
		{4EAC6A0E-20F2-4B5A-8250-7E930CCE3AD0}.Debug MTDLL.Build.0 = Debug MTDLL|Win32
		{4EAC6A0E-20F2-4B5A-8250-7E930CCE3AD0}.Debug SingleThread.ActiveCfg = Debug SingleThread|Win32
		{4EAC6A0E-20F2-4B5A-8250-7E930CCE3AD0}.Debug SingleThread.Build.0 = Debug SingleThread|Win32
		{4EAC6A0E-20F2-4B5A-8250-7E930CCE3AD0}.Release.ActiveCfg = Release|Win32
		{4EAC6A0E-20F2-4B5A-8250-7E930CCE3AD0}.Release.Build.0 = Release|Win32
		{4EAC6A0E-20F2-4B5A-8250-7E930CCE3AD0}.Release MTDLL.ActiveCfg = Release MTDLL|Win32
		{4EAC6A0E-20F2-4B5A-8250-7E930CCE3AD0}.Release MTDLL.Build.0 = Release MTDLL|Win32
		{4EAC6A0E-20F2-4B5A-8250-7E930CCE3AD0}.Release SingleThread.ActiveCfg = Release SingleThread|Win32
		{4EAC6A0E-20F2-4B5A-8250-7E930CCE3AD0}.Release SingleThread.Build.0 = Release SingleThread|Win32
		{F4C7860F-00A0-47B3-B66F-C6D1B8A99CDE}.Debug.ActiveCfg = Debug|Win32
		{F4C7860F-00A0-47B3-B66F-C6D1B8A99CDE}.Debug.Build.0 = Debug|Win32
		{F4C7860F-00A0-47B3-B66F-C6D1B8A99CDE}.Debug MTDLL.ActiveCfg = Debug MTDLL|Win32
		{F4C7860F-00A0-47B3-B66F-C6D1B8A99CDE}.Debug MTDLL.Build.0 = Debug MTDLL|Win32
		{F4C7860F-00A0-47B3-B66F-C6D1B8A99CDE}.Debug SingleThread.ActiveCfg = Debug SingleThread|Win32
		{F4C7860F-00A0-47B3-B66F-C6D1B8A99CDE}.Debug SingleThread.Build.0 = Debug SingleThread|Win32
		{F4C7860F-00A0-47B3-B66F-C6D1B8A99CDE}.Release.ActiveCfg = Release|Win32
		{F4C7860F-00A0-47B3-B66F-C6D1B8A99CDE}.Release.Build.0 = Release|Win32
		{F4C7860F-00A0-47B3-B66F-C6D1B8A99CDE}.Release MTDLL.ActiveCfg = Release MTDLL|Win32
		{F4C7860F-00A0-47B3-B66F-C6D1B8A99CDE}.Release MTDLL.Build.0 = Release MTDLL|Win32
		{F4C7860F-00A0-47B3-B66F-C6D1B8A99CDE}.Release SingleThread.ActiveCfg = Release SingleThread|Win32
		{F4C7860F-00A0-47B3-B66F-C6D1B8A99CDE}.Release SingleThread.Build.0 = Release SingleThread|Win32
		{F4C7860F-00A0-47B3-B66F-C6D1B8A99CDE}.Debug.ActiveCfg = Debug|Win32
		{F4C7860F-00A0-47B3-B66F-C6D1B8A99CDE}.Debug.Build.0 = Debug|Win32
		{F4C7860F-00A0-47B3-B66F-C6D1B8A99CDE}.Debug MTDLL.ActiveCfg = Debug MTDLL|Win32
		{F4C7860F-00A0-47B3-B66F-C6D1B8A99CDE}.Debug MTDLL.Build.0 = Debug MTDLL|Win32
		{F4C7860F-00A0-47B3-B66F-C6D1B8A99CDE}.Debug SingleThread.ActiveCfg = Debug SingleThread|Win32
		{F4C7860F-00A0-47B3-B66F-C6D1B8A99CDE}.Debug SingleThread.Build.0 = Debug SingleThread|Win32
		{F4C7860F-00A0-47B3-B66F-C6D1B8A99CDE}.Release.ActiveCfg = Release|Win32
		{F4C7860F-00A0-47B3-B66F-C6D1B8A99CDE}.Release.Build.0 = Release|Win32
		{F4C7860F-00A0-47B3-B66F-C6D1B8A99CDE}.Release MTDLL.ActiveCfg = Release MTDLL|Win32
		{F4C7860F-00A0-47B3-B66F-C6D1B8A99CDE}.Release MTDLL.Build.0 = Release MTDLL|Win32
		{F4C7860F-00A0-47B3-B66F-C6D1B8A99CDE}.Release SingleThread.ActiveCfg = Release SingleThread|Win32
		{F4C7860F-00A0-47B3-B66F-C6D1B8A99CDE}.Release SingleThread.Build.0 = Release SingleThread|Win32
	EndGlobalSection
	GlobalSection(ExtensibilityGlobals) = postSolution
	EndGlobalSection
	GlobalSection(ExtensibilityAddIns) = postSolution
	EndGlobalSection
EndGlobal
