Microsoft Visual Studio Solution File, Format Version 8.00
Project("{8BC9CEB8-8B4A-11D0-8D11-00A0C91BC942}") = "ConvertibleBonds", "ConvertibleBonds.vcproj", "{A4D7E7F0-D1C0-4E29-BD83-D208708D42AC}"
	ProjectSection(ProjectDependencies) = postProject
	EndProjectSection
EndProject
Global
	GlobalSection(SolutionConfiguration) = preSolution
		Debug = Debug
		Release = Release
	EndGlobalSection
	GlobalSection(ProjectConfiguration) = postSolution
		{A4D7E7F0-D1C0-4E29-BD83-D208708D42AC}.Debug.ActiveCfg = Debug|Win32
		{A4D7E7F0-D1C0-4E29-BD83-D208708D42AC}.Debug.Build.0 = Debug|Win32
		{A4D7E7F0-D1C0-4E29-BD83-D208708D42AC}.Release.ActiveCfg = Release|Win32
		{A4D7E7F0-D1C0-4E29-BD83-D208708D42AC}.Release.Build.0 = Release|Win32
	EndGlobalSection
	GlobalSection(ExtensibilityGlobals) = postSolution
	EndGlobalSection
	GlobalSection(ExtensibilityAddIns) = postSolution
	EndGlobalSection
EndGlobal
